<?xml version="1.0" encoding="utf-8"?>
<Project ToolsVersion="4.0" xmlns="http://schemas.microsoft.com/developer/msbuild/2003">
  <ItemGroup>
    <Filter Include="Source Files">
      <UniqueIdentifier>{e0a1b4ee-06e3-4cfc-b73d-6257b908a159}</UniqueIdentifier>
      <Extensions>cpp;c;cc;cxx;def;idl;odl</Extensions>
    </Filter>
    <Filter Include="Include Files">
      <UniqueIdentifier>{5904f178-254e-4472-b23a-b4ddc0b8a656}</UniqueIdentifier>
      <Extensions>h;hh;hxx</Extensions>
    </Filter>
    <Filter Include="Resource Files">
      <UniqueIdentifier>{de53a811-0ab5-4a83-a9b6-10e10a47caf2}</UniqueIdentifier>
      <Extensions>rc;ico;bmp;cur;jpg;gif</Extensions>
    </Filter>
    <Filter Include="Miscellaneous Files">
      <UniqueIdentifier>{0ca78aa2-d086-4ad3-810a-2815284b0d9c}</UniqueIdentifier>
      <Extensions>reg;rgs;mak;clw;vsdir;vsz;css;inf;vcproj;csproj</Extensions>
    </Filter>
  </ItemGroup>
  <ItemGroup>
    <ClCompile Include="acrxEntryPoint.cpp">
      <Filter>Source Files</Filter>
    </ClCompile>
    <ClCompile Include="DocData.cpp">
      <Filter>Source Files</Filter>
    </ClCompile>
    <ClCompile Include="PlotSection.cpp">
      <Filter>Source Files</Filter>
    </ClCompile>
    <ClCompile Include="SRPlugin.cpp">
      <Filter>Source Files</Filter>
    </ClCompile>
    <ClCompile Include="StdAfx.cpp">
      <Filter>Source Files</Filter>
    </ClCompile>
    <ClCompile Include="PlotVerticalSection.cpp">
      <Filter>Source Files</Filter>
    </ClCompile>
    <ClCompile Include="PlotCrossSection.cpp">
      <Filter>Source Files</Filter>
    </ClCompile>
  </ItemGroup>
  <ItemGroup>
    <ClInclude Include="DocData.h">
      <Filter>Include Files</Filter>
    </ClInclude>
    <ClInclude Include="PlotSection.h">
      <Filter>Include Files</Filter>
    </ClInclude>
    <ClInclude Include="Resource.h">
      <Filter>Include Files</Filter>
    </ClInclude>
    <ClInclude Include="StdAfx.h">
      <Filter>Include Files</Filter>
    </ClInclude>
    <ClInclude Include="PlotVerticalSection.h">
      <Filter>Include Files</Filter>
    </ClInclude>
    <ClInclude Include="PlotCrossSection.h">
      <Filter>Include Files</Filter>
    </ClInclude>
  </ItemGroup>
  <ItemGroup>
    <ResourceCompile Include="SRPlugin.rc">
      <Filter>Resource Files</Filter>
    </ResourceCompile>
  </ItemGroup>
</Project>